
Microsoft Visual Studio Solution File, Format Version 12.00
# Visual Studio Version 16
VisualStudioVersion = 16.0.29609.76
MinimumVisualStudioVersion = 10.0.40219.1
Project("{9A19103F-16F7-4668-BE54-9A1E7A4F7556}") = "HandleBahmConsole", "HandleBahmConsole.csproj", "{49428576-F0A2-4507-8587-6B49E60A0373}"
EndProject
Project("{9A19103F-16F7-4668-BE54-9A1E7A4F7556}") = "BAHM", "..\BAHM\BAHM.csproj", "{62A72416-09F0-4DA4-8145-7F6DC79A36C5}"
EndProject
Project("{FAE04EC0-301F-11D3-BF4B-00C04F79EFBC}") = "Tets", "..\Tets\Tets.csproj", "{F627D885-27EB-4B7B-828D-196BB533E38B}"
EndProject
Global
	GlobalSection(SolutionConfigurationPlatforms) = preSolution
		Debug|Any CPU = Debug|Any CPU
		Release|Any CPU = Release|Any CPU
	EndGlobalSection
	GlobalSection(ProjectConfigurationPlatforms) = postSolution
		{49428576-F0A2-4507-8587-6B49E60A0373}.Debug|Any CPU.ActiveCfg = Debug|Any CPU
		{49428576-F0A2-4507-8587-6B49E60A0373}.Debug|Any CPU.Build.0 = Debug|Any CPU
		{49428576-F0A2-4507-8587-6B49E60A0373}.Release|Any CPU.ActiveCfg = Release|Any CPU
		{49428576-F0A2-4507-8587-6B49E60A0373}.Release|Any CPU.Build.0 = Release|Any CPU
		{62A72416-09F0-4DA4-8145-7F6DC79A36C5}.Debug|Any CPU.ActiveCfg = Debug|Any CPU
		{62A72416-09F0-4DA4-8145-7F6DC79A36C5}.Debug|Any CPU.Build.0 = Debug|Any CPU
		{62A72416-09F0-4DA4-8145-7F6DC79A36C5}.Release|Any CPU.ActiveCfg = Release|Any CPU
		{62A72416-09F0-4DA4-8145-7F6DC79A36C5}.Release|Any CPU.Build.0 = Release|Any CPU
		{F627D885-27EB-4B7B-828D-196BB533E38B}.Debug|Any CPU.ActiveCfg = Debug|Any CPU
		{F627D885-27EB-4B7B-828D-196BB533E38B}.Debug|Any CPU.Build.0 = Debug|Any CPU
		{F627D885-27EB-4B7B-828D-196BB533E38B}.Release|Any CPU.ActiveCfg = Release|Any CPU
		{F627D885-27EB-4B7B-828D-196BB533E38B}.Release|Any CPU.Build.0 = Release|Any CPU
	EndGlobalSection
	GlobalSection(SolutionProperties) = preSolution
		HideSolutionNode = FALSE
	EndGlobalSection
	GlobalSection(ExtensibilityGlobals) = postSolution
		SolutionGuid = {5F4A6183-1115-4A75-BBE4-167D0E00FD56}
	EndGlobalSection
EndGlobal
