
Microsoft Visual Studio Solution File, Format Version 12.00
# Visual Studio Version 16
VisualStudioVersion = 16.0.31605.320
MinimumVisualStudioVersion = 10.0.40219.1
Project("{FAE04EC0-301F-11D3-BF4B-00C04F79EFBC}") = "WebApplication12222222.Server", "Server\WebApplication12222222.Server.csproj", "{83FA6697-241E-4725-87BC-32B75AC66827}"
EndProject
Project("{FAE04EC0-301F-11D3-BF4B-00C04F79EFBC}") = "WebApplication12222222.Client", "Client\WebApplication12222222.Client.csproj", "{8D306525-26EA-4843-9C56-C7A93E3F6C3D}"
EndProject
Project("{FAE04EC0-301F-11D3-BF4B-00C04F79EFBC}") = "WebApplication12222222.Shared", "Shared\WebApplication12222222.Shared.csproj", "{6CC59BC1-EBF0-47ED-9077-853F3576034F}"
EndProject
Global
	GlobalSection(SolutionConfigurationPlatforms) = preSolution
		Debug|Any CPU = Debug|Any CPU
		Release|Any CPU = Release|Any CPU
	EndGlobalSection
	GlobalSection(ProjectConfigurationPlatforms) = postSolution
		{83FA6697-241E-4725-87BC-32B75AC66827}.Debug|Any CPU.ActiveCfg = Debug|Any CPU
		{83FA6697-241E-4725-87BC-32B75AC66827}.Debug|Any CPU.Build.0 = Debug|Any CPU
		{83FA6697-241E-4725-87BC-32B75AC66827}.Release|Any CPU.ActiveCfg = Release|Any CPU
		{83FA6697-241E-4725-87BC-32B75AC66827}.Release|Any CPU.Build.0 = Release|Any CPU
		{8D306525-26EA-4843-9C56-C7A93E3F6C3D}.Debug|Any CPU.ActiveCfg = Debug|Any CPU
		{8D306525-26EA-4843-9C56-C7A93E3F6C3D}.Debug|Any CPU.Build.0 = Debug|Any CPU
		{8D306525-26EA-4843-9C56-C7A93E3F6C3D}.Release|Any CPU.ActiveCfg = Release|Any CPU
		{8D306525-26EA-4843-9C56-C7A93E3F6C3D}.Release|Any CPU.Build.0 = Release|Any CPU
		{6CC59BC1-EBF0-47ED-9077-853F3576034F}.Debug|Any CPU.ActiveCfg = Debug|Any CPU
		{6CC59BC1-EBF0-47ED-9077-853F3576034F}.Debug|Any CPU.Build.0 = Debug|Any CPU
		{6CC59BC1-EBF0-47ED-9077-853F3576034F}.Release|Any CPU.ActiveCfg = Release|Any CPU
		{6CC59BC1-EBF0-47ED-9077-853F3576034F}.Release|Any CPU.Build.0 = Release|Any CPU
	EndGlobalSection
	GlobalSection(SolutionProperties) = preSolution
		HideSolutionNode = FALSE
	EndGlobalSection
	GlobalSection(ExtensibilityGlobals) = postSolution
		SolutionGuid = {06B1CBD4-7B24-4086-B27A-551911B45E0C}
	EndGlobalSection
EndGlobal
