
Microsoft Visual Studio Solution File, Format Version 12.00
# Visual Studio Version 16
VisualStudioVersion = 16.0.29609.76
MinimumVisualStudioVersion = 10.0.40219.1
Project("{9A19103F-16F7-4668-BE54-9A1E7A4F7556}") = "Tets", "Tets.csproj", "{16788C17-7AE5-46E1-B27B-A563CAB7BC77}"
EndProject
Project("{9A19103F-16F7-4668-BE54-9A1E7A4F7556}") = "BAHM", "..\BAHM\BAHM.csproj", "{24C229F7-6810-452B-8A48-8D7DB976CDDD}"
EndProject
Global
	GlobalSection(SolutionConfigurationPlatforms) = preSolution
		Debug|Any CPU = Debug|Any CPU
		Release|Any CPU = Release|Any CPU
	EndGlobalSection
	GlobalSection(ProjectConfigurationPlatforms) = postSolution
		{16788C17-7AE5-46E1-B27B-A563CAB7BC77}.Debug|Any CPU.ActiveCfg = Debug|Any CPU
		{16788C17-7AE5-46E1-B27B-A563CAB7BC77}.Debug|Any CPU.Build.0 = Debug|Any CPU
		{16788C17-7AE5-46E1-B27B-A563CAB7BC77}.Release|Any CPU.ActiveCfg = Release|Any CPU
		{16788C17-7AE5-46E1-B27B-A563CAB7BC77}.Release|Any CPU.Build.0 = Release|Any CPU
		{24C229F7-6810-452B-8A48-8D7DB976CDDD}.Debug|Any CPU.ActiveCfg = Debug|Any CPU
		{24C229F7-6810-452B-8A48-8D7DB976CDDD}.Debug|Any CPU.Build.0 = Debug|Any CPU
		{24C229F7-6810-452B-8A48-8D7DB976CDDD}.Release|Any CPU.ActiveCfg = Release|Any CPU
		{24C229F7-6810-452B-8A48-8D7DB976CDDD}.Release|Any CPU.Build.0 = Release|Any CPU
	EndGlobalSection
	GlobalSection(SolutionProperties) = preSolution
		HideSolutionNode = FALSE
	EndGlobalSection
	GlobalSection(ExtensibilityGlobals) = postSolution
		SolutionGuid = {FB066E85-1349-4C4E-930F-0E81ED98ED3B}
	EndGlobalSection
EndGlobal
