
Microsoft Visual Studio Solution File, Format Version 12.00
# Visual Studio Version 16
VisualStudioVersion = 16.0.30907.101
MinimumVisualStudioVersion = 10.0.40219.1
Project("{FAE04EC0-301F-11D3-BF4B-00C04F79EFBC}") = "AppLocaliza.UWP", "AppLocaliza\AppLocaliza.UWP\AppLocaliza.UWP.csproj", "{44332E86-01F4-46C8-B830-D45E92769660}"
EndProject
Project("{FAE04EC0-301F-11D3-BF4B-00C04F79EFBC}") = "AppLocaliza.Android", "AppLocaliza\AppLocaliza.Android\AppLocaliza.Android.csproj", "{A785A51C-B5B5-4D76-A375-D5C35321ADDA}"
EndProject
Project("{FAE04EC0-301F-11D3-BF4B-00C04F79EFBC}") = "AppLocaliza.iOS", "AppLocaliza\AppLocaliza.iOS\AppLocaliza.iOS.csproj", "{AA2C55F1-0869-46A0-8CD9-AB5AE3B85127}"
EndProject
Project("{FAE04EC0-301F-11D3-BF4B-00C04F79EFBC}") = "AppLocaliza", "AppLocaliza\AppLocaliza\AppLocaliza.csproj", "{3301DE4F-6B71-4E16-B861-E2AB54F15FF4}"
EndProject
Global
	GlobalSection(SolutionConfigurationPlatforms) = preSolution
		Debug|Any CPU = Debug|Any CPU
		Debug|ARM = Debug|ARM
		Debug|iPhone = Debug|iPhone
		Debug|iPhoneSimulator = Debug|iPhoneSimulator
		Debug|x64 = Debug|x64
		Debug|x86 = Debug|x86
		Release|Any CPU = Release|Any CPU
		Release|ARM = Release|ARM
		Release|iPhone = Release|iPhone
		Release|iPhoneSimulator = Release|iPhoneSimulator
		Release|x64 = Release|x64
		Release|x86 = Release|x86
	EndGlobalSection
	GlobalSection(ProjectConfigurationPlatforms) = postSolution
		{44332E86-01F4-46C8-B830-D45E92769660}.Debug|Any CPU.ActiveCfg = Debug|x86
		{44332E86-01F4-46C8-B830-D45E92769660}.Debug|Any CPU.Build.0 = Debug|x86
		{44332E86-01F4-46C8-B830-D45E92769660}.Debug|Any CPU.Deploy.0 = Debug|x86
		{44332E86-01F4-46C8-B830-D45E92769660}.Debug|ARM.ActiveCfg = Debug|ARM
		{44332E86-01F4-46C8-B830-D45E92769660}.Debug|ARM.Build.0 = Debug|ARM
		{44332E86-01F4-46C8-B830-D45E92769660}.Debug|ARM.Deploy.0 = Debug|ARM
		{44332E86-01F4-46C8-B830-D45E92769660}.Debug|iPhone.ActiveCfg = Debug|x86
		{44332E86-01F4-46C8-B830-D45E92769660}.Debug|iPhone.Build.0 = Debug|x86
		{44332E86-01F4-46C8-B830-D45E92769660}.Debug|iPhone.Deploy.0 = Debug|x86
		{44332E86-01F4-46C8-B830-D45E92769660}.Debug|iPhoneSimulator.ActiveCfg = Debug|x86
		{44332E86-01F4-46C8-B830-D45E92769660}.Debug|iPhoneSimulator.Build.0 = Debug|x86
		{44332E86-01F4-46C8-B830-D45E92769660}.Debug|iPhoneSimulator.Deploy.0 = Debug|x86
		{44332E86-01F4-46C8-B830-D45E92769660}.Debug|x64.ActiveCfg = Debug|x64
		{44332E86-01F4-46C8-B830-D45E92769660}.Debug|x64.Build.0 = Debug|x64
		{44332E86-01F4-46C8-B830-D45E92769660}.Debug|x64.Deploy.0 = Debug|x64
		{44332E86-01F4-46C8-B830-D45E92769660}.Debug|x86.ActiveCfg = Debug|x86
		{44332E86-01F4-46C8-B830-D45E92769660}.Debug|x86.Build.0 = Debug|x86
		{44332E86-01F4-46C8-B830-D45E92769660}.Debug|x86.Deploy.0 = Debug|x86
		{44332E86-01F4-46C8-B830-D45E92769660}.Release|Any CPU.ActiveCfg = Release|x86
		{44332E86-01F4-46C8-B830-D45E92769660}.Release|Any CPU.Build.0 = Release|x86
		{44332E86-01F4-46C8-B830-D45E92769660}.Release|Any CPU.Deploy.0 = Release|x86
		{44332E86-01F4-46C8-B830-D45E92769660}.Release|ARM.ActiveCfg = Release|ARM
		{44332E86-01F4-46C8-B830-D45E92769660}.Release|ARM.Build.0 = Release|ARM
		{44332E86-01F4-46C8-B830-D45E92769660}.Release|ARM.Deploy.0 = Release|ARM
		{44332E86-01F4-46C8-B830-D45E92769660}.Release|iPhone.ActiveCfg = Release|x86
		{44332E86-01F4-46C8-B830-D45E92769660}.Release|iPhone.Build.0 = Release|x86
		{44332E86-01F4-46C8-B830-D45E92769660}.Release|iPhone.Deploy.0 = Release|x86
		{44332E86-01F4-46C8-B830-D45E92769660}.Release|iPhoneSimulator.ActiveCfg = Release|x86
		{44332E86-01F4-46C8-B830-D45E92769660}.Release|iPhoneSimulator.Build.0 = Release|x86
		{44332E86-01F4-46C8-B830-D45E92769660}.Release|iPhoneSimulator.Deploy.0 = Release|x86
		{44332E86-01F4-46C8-B830-D45E92769660}.Release|x64.ActiveCfg = Release|x64
		{44332E86-01F4-46C8-B830-D45E92769660}.Release|x64.Build.0 = Release|x64
		{44332E86-01F4-46C8-B830-D45E92769660}.Release|x64.Deploy.0 = Release|x64
		{44332E86-01F4-46C8-B830-D45E92769660}.Release|x86.ActiveCfg = Release|x86
		{44332E86-01F4-46C8-B830-D45E92769660}.Release|x86.Build.0 = Release|x86
		{44332E86-01F4-46C8-B830-D45E92769660}.Release|x86.Deploy.0 = Release|x86
		{A785A51C-B5B5-4D76-A375-D5C35321ADDA}.Debug|Any CPU.ActiveCfg = Debug|Any CPU
		{A785A51C-B5B5-4D76-A375-D5C35321ADDA}.Debug|Any CPU.Build.0 = Debug|Any CPU
		{A785A51C-B5B5-4D76-A375-D5C35321ADDA}.Debug|Any CPU.Deploy.0 = Debug|Any CPU
		{A785A51C-B5B5-4D76-A375-D5C35321ADDA}.Debug|ARM.ActiveCfg = Debug|Any CPU
		{A785A51C-B5B5-4D76-A375-D5C35321ADDA}.Debug|ARM.Build.0 = Debug|Any CPU
		{A785A51C-B5B5-4D76-A375-D5C35321ADDA}.Debug|ARM.Deploy.0 = Debug|Any CPU
		{A785A51C-B5B5-4D76-A375-D5C35321ADDA}.Debug|iPhone.ActiveCfg = Debug|Any CPU
		{A785A51C-B5B5-4D76-A375-D5C35321ADDA}.Debug|iPhone.Build.0 = Debug|Any CPU
		{A785A51C-B5B5-4D76-A375-D5C35321ADDA}.Debug|iPhone.Deploy.0 = Debug|Any CPU
		{A785A51C-B5B5-4D76-A375-D5C35321ADDA}.Debug|iPhoneSimulator.ActiveCfg = Debug|Any CPU
		{A785A51C-B5B5-4D76-A375-D5C35321ADDA}.Debug|iPhoneSimulator.Build.0 = Debug|Any CPU
		{A785A51C-B5B5-4D76-A375-D5C35321ADDA}.Debug|iPhoneSimulator.Deploy.0 = Debug|Any CPU
		{A785A51C-B5B5-4D76-A375-D5C35321ADDA}.Debug|x64.ActiveCfg = Debug|Any CPU
		{A785A51C-B5B5-4D76-A375-D5C35321ADDA}.Debug|x64.Build.0 = Debug|Any CPU
		{A785A51C-B5B5-4D76-A375-D5C35321ADDA}.Debug|x64.Deploy.0 = Debug|Any CPU
		{A785A51C-B5B5-4D76-A375-D5C35321ADDA}.Debug|x86.ActiveCfg = Debug|Any CPU
		{A785A51C-B5B5-4D76-A375-D5C35321ADDA}.Debug|x86.Build.0 = Debug|Any CPU
		{A785A51C-B5B5-4D76-A375-D5C35321ADDA}.Debug|x86.Deploy.0 = Debug|Any CPU
		{A785A51C-B5B5-4D76-A375-D5C35321ADDA}.Release|Any CPU.ActiveCfg = Release|Any CPU
		{A785A51C-B5B5-4D76-A375-D5C35321ADDA}.Release|Any CPU.Build.0 = Release|Any CPU
		{A785A51C-B5B5-4D76-A375-D5C35321ADDA}.Release|Any CPU.Deploy.0 = Release|Any CPU
		{A785A51C-B5B5-4D76-A375-D5C35321ADDA}.Release|ARM.ActiveCfg = Release|Any CPU
		{A785A51C-B5B5-4D76-A375-D5C35321ADDA}.Release|ARM.Build.0 = Release|Any CPU
		{A785A51C-B5B5-4D76-A375-D5C35321ADDA}.Release|ARM.Deploy.0 = Release|Any CPU
		{A785A51C-B5B5-4D76-A375-D5C35321ADDA}.Release|iPhone.ActiveCfg = Release|Any CPU
		{A785A51C-B5B5-4D76-A375-D5C35321ADDA}.Release|iPhone.Build.0 = Release|Any CPU
		{A785A51C-B5B5-4D76-A375-D5C35321ADDA}.Release|iPhone.Deploy.0 = Release|Any CPU
		{A785A51C-B5B5-4D76-A375-D5C35321ADDA}.Release|iPhoneSimulator.ActiveCfg = Release|Any CPU
		{A785A51C-B5B5-4D76-A375-D5C35321ADDA}.Release|iPhoneSimulator.Build.0 = Release|Any CPU
		{A785A51C-B5B5-4D76-A375-D5C35321ADDA}.Release|iPhoneSimulator.Deploy.0 = Release|Any CPU
		{A785A51C-B5B5-4D76-A375-D5C35321ADDA}.Release|x64.ActiveCfg = Release|Any CPU
		{A785A51C-B5B5-4D76-A375-D5C35321ADDA}.Release|x64.Build.0 = Release|Any CPU
		{A785A51C-B5B5-4D76-A375-D5C35321ADDA}.Release|x64.Deploy.0 = Release|Any CPU
		{A785A51C-B5B5-4D76-A375-D5C35321ADDA}.Release|x86.ActiveCfg = Release|Any CPU
		{A785A51C-B5B5-4D76-A375-D5C35321ADDA}.Release|x86.Build.0 = Release|Any CPU
		{A785A51C-B5B5-4D76-A375-D5C35321ADDA}.Release|x86.Deploy.0 = Release|Any CPU
		{AA2C55F1-0869-46A0-8CD9-AB5AE3B85127}.Debug|Any CPU.ActiveCfg = Debug|iPhoneSimulator
		{AA2C55F1-0869-46A0-8CD9-AB5AE3B85127}.Debug|Any CPU.Build.0 = Debug|iPhoneSimulator
		{AA2C55F1-0869-46A0-8CD9-AB5AE3B85127}.Debug|Any CPU.Deploy.0 = Debug|iPhoneSimulator
		{AA2C55F1-0869-46A0-8CD9-AB5AE3B85127}.Debug|ARM.ActiveCfg = Debug|iPhone
		{AA2C55F1-0869-46A0-8CD9-AB5AE3B85127}.Debug|ARM.Build.0 = Debug|iPhone
		{AA2C55F1-0869-46A0-8CD9-AB5AE3B85127}.Debug|ARM.Deploy.0 = Debug|iPhone
		{AA2C55F1-0869-46A0-8CD9-AB5AE3B85127}.Debug|iPhone.ActiveCfg = Debug|iPhone
		{AA2C55F1-0869-46A0-8CD9-AB5AE3B85127}.Debug|iPhone.Build.0 = Debug|iPhone
		{AA2C55F1-0869-46A0-8CD9-AB5AE3B85127}.Debug|iPhone.Deploy.0 = Debug|iPhone
		{AA2C55F1-0869-46A0-8CD9-AB5AE3B85127}.Debug|iPhoneSimulator.ActiveCfg = Debug|iPhoneSimulator
		{AA2C55F1-0869-46A0-8CD9-AB5AE3B85127}.Debug|iPhoneSimulator.Build.0 = Debug|iPhoneSimulator
		{AA2C55F1-0869-46A0-8CD9-AB5AE3B85127}.Debug|iPhoneSimulator.Deploy.0 = Debug|iPhoneSimulator
		{AA2C55F1-0869-46A0-8CD9-AB5AE3B85127}.Debug|x64.ActiveCfg = Debug|iPhoneSimulator
		{AA2C55F1-0869-46A0-8CD9-AB5AE3B85127}.Debug|x64.Build.0 = Debug|iPhoneSimulator
		{AA2C55F1-0869-46A0-8CD9-AB5AE3B85127}.Debug|x64.Deploy.0 = Debug|iPhoneSimulator
		{AA2C55F1-0869-46A0-8CD9-AB5AE3B85127}.Debug|x86.ActiveCfg = Debug|iPhoneSimulator
		{AA2C55F1-0869-46A0-8CD9-AB5AE3B85127}.Debug|x86.Build.0 = Debug|iPhoneSimulator
		{AA2C55F1-0869-46A0-8CD9-AB5AE3B85127}.Debug|x86.Deploy.0 = Debug|iPhoneSimulator
		{AA2C55F1-0869-46A0-8CD9-AB5AE3B85127}.Release|Any CPU.ActiveCfg = Release|iPhoneSimulator
		{AA2C55F1-0869-46A0-8CD9-AB5AE3B85127}.Release|Any CPU.Build.0 = Release|iPhoneSimulator
		{AA2C55F1-0869-46A0-8CD9-AB5AE3B85127}.Release|Any CPU.Deploy.0 = Release|iPhoneSimulator
		{AA2C55F1-0869-46A0-8CD9-AB5AE3B85127}.Release|ARM.ActiveCfg = Release|iPhoneSimulator
		{AA2C55F1-0869-46A0-8CD9-AB5AE3B85127}.Release|ARM.Build.0 = Release|iPhoneSimulator
		{AA2C55F1-0869-46A0-8CD9-AB5AE3B85127}.Release|ARM.Deploy.0 = Release|iPhoneSimulator
		{AA2C55F1-0869-46A0-8CD9-AB5AE3B85127}.Release|iPhone.ActiveCfg = Release|iPhone
		{AA2C55F1-0869-46A0-8CD9-AB5AE3B85127}.Release|iPhone.Build.0 = Release|iPhone
		{AA2C55F1-0869-46A0-8CD9-AB5AE3B85127}.Release|iPhone.Deploy.0 = Release|iPhone
		{AA2C55F1-0869-46A0-8CD9-AB5AE3B85127}.Release|iPhoneSimulator.ActiveCfg = Release|iPhoneSimulator
		{AA2C55F1-0869-46A0-8CD9-AB5AE3B85127}.Release|iPhoneSimulator.Build.0 = Release|iPhoneSimulator
		{AA2C55F1-0869-46A0-8CD9-AB5AE3B85127}.Release|iPhoneSimulator.Deploy.0 = Release|iPhoneSimulator
		{AA2C55F1-0869-46A0-8CD9-AB5AE3B85127}.Release|x64.ActiveCfg = Release|iPhoneSimulator
		{AA2C55F1-0869-46A0-8CD9-AB5AE3B85127}.Release|x64.Build.0 = Release|iPhoneSimulator
		{AA2C55F1-0869-46A0-8CD9-AB5AE3B85127}.Release|x64.Deploy.0 = Release|iPhoneSimulator
		{AA2C55F1-0869-46A0-8CD9-AB5AE3B85127}.Release|x86.ActiveCfg = Release|iPhoneSimulator
		{AA2C55F1-0869-46A0-8CD9-AB5AE3B85127}.Release|x86.Build.0 = Release|iPhoneSimulator
		{AA2C55F1-0869-46A0-8CD9-AB5AE3B85127}.Release|x86.Deploy.0 = Release|iPhoneSimulator
		{3301DE4F-6B71-4E16-B861-E2AB54F15FF4}.Debug|Any CPU.ActiveCfg = Debug|Any CPU
		{3301DE4F-6B71-4E16-B861-E2AB54F15FF4}.Debug|Any CPU.Build.0 = Debug|Any CPU
		{3301DE4F-6B71-4E16-B861-E2AB54F15FF4}.Debug|Any CPU.Deploy.0 = Debug|Any CPU
		{3301DE4F-6B71-4E16-B861-E2AB54F15FF4}.Debug|ARM.ActiveCfg = Debug|Any CPU
		{3301DE4F-6B71-4E16-B861-E2AB54F15FF4}.Debug|ARM.Build.0 = Debug|Any CPU
		{3301DE4F-6B71-4E16-B861-E2AB54F15FF4}.Debug|ARM.Deploy.0 = Debug|Any CPU
		{3301DE4F-6B71-4E16-B861-E2AB54F15FF4}.Debug|iPhone.ActiveCfg = Debug|Any CPU
		{3301DE4F-6B71-4E16-B861-E2AB54F15FF4}.Debug|iPhone.Build.0 = Debug|Any CPU
		{3301DE4F-6B71-4E16-B861-E2AB54F15FF4}.Debug|iPhone.Deploy.0 = Debug|Any CPU
		{3301DE4F-6B71-4E16-B861-E2AB54F15FF4}.Debug|iPhoneSimulator.ActiveCfg = Debug|Any CPU
		{3301DE4F-6B71-4E16-B861-E2AB54F15FF4}.Debug|iPhoneSimulator.Build.0 = Debug|Any CPU
		{3301DE4F-6B71-4E16-B861-E2AB54F15FF4}.Debug|iPhoneSimulator.Deploy.0 = Debug|Any CPU
		{3301DE4F-6B71-4E16-B861-E2AB54F15FF4}.Debug|x64.ActiveCfg = Debug|Any CPU
		{3301DE4F-6B71-4E16-B861-E2AB54F15FF4}.Debug|x64.Build.0 = Debug|Any CPU
		{3301DE4F-6B71-4E16-B861-E2AB54F15FF4}.Debug|x64.Deploy.0 = Debug|Any CPU
		{3301DE4F-6B71-4E16-B861-E2AB54F15FF4}.Debug|x86.ActiveCfg = Debug|Any CPU
		{3301DE4F-6B71-4E16-B861-E2AB54F15FF4}.Debug|x86.Build.0 = Debug|Any CPU
		{3301DE4F-6B71-4E16-B861-E2AB54F15FF4}.Debug|x86.Deploy.0 = Debug|Any CPU
		{3301DE4F-6B71-4E16-B861-E2AB54F15FF4}.Release|Any CPU.ActiveCfg = Release|Any CPU
		{3301DE4F-6B71-4E16-B861-E2AB54F15FF4}.Release|Any CPU.Build.0 = Release|Any CPU
		{3301DE4F-6B71-4E16-B861-E2AB54F15FF4}.Release|Any CPU.Deploy.0 = Release|Any CPU
		{3301DE4F-6B71-4E16-B861-E2AB54F15FF4}.Release|ARM.ActiveCfg = Release|Any CPU
		{3301DE4F-6B71-4E16-B861-E2AB54F15FF4}.Release|ARM.Build.0 = Release|Any CPU
		{3301DE4F-6B71-4E16-B861-E2AB54F15FF4}.Release|ARM.Deploy.0 = Release|Any CPU
		{3301DE4F-6B71-4E16-B861-E2AB54F15FF4}.Release|iPhone.ActiveCfg = Release|Any CPU
		{3301DE4F-6B71-4E16-B861-E2AB54F15FF4}.Release|iPhone.Build.0 = Release|Any CPU
		{3301DE4F-6B71-4E16-B861-E2AB54F15FF4}.Release|iPhone.Deploy.0 = Release|Any CPU
		{3301DE4F-6B71-4E16-B861-E2AB54F15FF4}.Release|iPhoneSimulator.ActiveCfg = Release|Any CPU
		{3301DE4F-6B71-4E16-B861-E2AB54F15FF4}.Release|iPhoneSimulator.Build.0 = Release|Any CPU
		{3301DE4F-6B71-4E16-B861-E2AB54F15FF4}.Release|iPhoneSimulator.Deploy.0 = Release|Any CPU
		{3301DE4F-6B71-4E16-B861-E2AB54F15FF4}.Release|x64.ActiveCfg = Release|Any CPU
		{3301DE4F-6B71-4E16-B861-E2AB54F15FF4}.Release|x64.Build.0 = Release|Any CPU
		{3301DE4F-6B71-4E16-B861-E2AB54F15FF4}.Release|x64.Deploy.0 = Release|Any CPU
		{3301DE4F-6B71-4E16-B861-E2AB54F15FF4}.Release|x86.ActiveCfg = Release|Any CPU
		{3301DE4F-6B71-4E16-B861-E2AB54F15FF4}.Release|x86.Build.0 = Release|Any CPU
		{3301DE4F-6B71-4E16-B861-E2AB54F15FF4}.Release|x86.Deploy.0 = Release|Any CPU
	EndGlobalSection
	GlobalSection(SolutionProperties) = preSolution
		HideSolutionNode = FALSE
	EndGlobalSection
	GlobalSection(ExtensibilityGlobals) = postSolution
		SolutionGuid = {888650E7-209E-4206-A67F-766407E1865D}
	EndGlobalSection
EndGlobal
