
Microsoft Visual Studio Solution File, Format Version 12.00
# Visual Studio Version 16
VisualStudioVersion = 16.0.30907.101
MinimumVisualStudioVersion = 10.0.40219.1
Project("{FAE04EC0-301F-11D3-BF4B-00C04F79EFBC}") = "MobileTeste.Android", "MobileTeste\MobileTeste.Android\MobileTeste.Android.csproj", "{29E7C685-DFBA-49FD-BAA7-FE0BAA199275}"
EndProject
Project("{FAE04EC0-301F-11D3-BF4B-00C04F79EFBC}") = "MobileTeste.iOS", "MobileTeste\MobileTeste.iOS\MobileTeste.iOS.csproj", "{C99DC2B5-49E5-4F25-87B9-84D76D1193C1}"
EndProject
Project("{FAE04EC0-301F-11D3-BF4B-00C04F79EFBC}") = "MobileTeste", "MobileTeste\MobileTeste\MobileTeste.csproj", "{AAABD71E-3CFD-4F29-AB73-9D2BFD1150E3}"
EndProject
Global
	GlobalSection(SolutionConfigurationPlatforms) = preSolution
		Debug|Any CPU = Debug|Any CPU
		Debug|iPhone = Debug|iPhone
		Debug|iPhoneSimulator = Debug|iPhoneSimulator
		Release|Any CPU = Release|Any CPU
		Release|iPhone = Release|iPhone
		Release|iPhoneSimulator = Release|iPhoneSimulator
	EndGlobalSection
	GlobalSection(ProjectConfigurationPlatforms) = postSolution
		{29E7C685-DFBA-49FD-BAA7-FE0BAA199275}.Debug|Any CPU.ActiveCfg = Debug|Any CPU
		{29E7C685-DFBA-49FD-BAA7-FE0BAA199275}.Debug|Any CPU.Build.0 = Debug|Any CPU
		{29E7C685-DFBA-49FD-BAA7-FE0BAA199275}.Debug|Any CPU.Deploy.0 = Debug|Any CPU
		{29E7C685-DFBA-49FD-BAA7-FE0BAA199275}.Debug|iPhone.ActiveCfg = Debug|Any CPU
		{29E7C685-DFBA-49FD-BAA7-FE0BAA199275}.Debug|iPhone.Build.0 = Debug|Any CPU
		{29E7C685-DFBA-49FD-BAA7-FE0BAA199275}.Debug|iPhone.Deploy.0 = Debug|Any CPU
		{29E7C685-DFBA-49FD-BAA7-FE0BAA199275}.Debug|iPhoneSimulator.ActiveCfg = Debug|Any CPU
		{29E7C685-DFBA-49FD-BAA7-FE0BAA199275}.Debug|iPhoneSimulator.Build.0 = Debug|Any CPU
		{29E7C685-DFBA-49FD-BAA7-FE0BAA199275}.Debug|iPhoneSimulator.Deploy.0 = Debug|Any CPU
		{29E7C685-DFBA-49FD-BAA7-FE0BAA199275}.Release|Any CPU.ActiveCfg = Release|Any CPU
		{29E7C685-DFBA-49FD-BAA7-FE0BAA199275}.Release|Any CPU.Build.0 = Release|Any CPU
		{29E7C685-DFBA-49FD-BAA7-FE0BAA199275}.Release|Any CPU.Deploy.0 = Release|Any CPU
		{29E7C685-DFBA-49FD-BAA7-FE0BAA199275}.Release|iPhone.ActiveCfg = Release|Any CPU
		{29E7C685-DFBA-49FD-BAA7-FE0BAA199275}.Release|iPhone.Build.0 = Release|Any CPU
		{29E7C685-DFBA-49FD-BAA7-FE0BAA199275}.Release|iPhone.Deploy.0 = Release|Any CPU
		{29E7C685-DFBA-49FD-BAA7-FE0BAA199275}.Release|iPhoneSimulator.ActiveCfg = Release|Any CPU
		{29E7C685-DFBA-49FD-BAA7-FE0BAA199275}.Release|iPhoneSimulator.Build.0 = Release|Any CPU
		{29E7C685-DFBA-49FD-BAA7-FE0BAA199275}.Release|iPhoneSimulator.Deploy.0 = Release|Any CPU
		{C99DC2B5-49E5-4F25-87B9-84D76D1193C1}.Debug|Any CPU.ActiveCfg = Debug|iPhone
		{C99DC2B5-49E5-4F25-87B9-84D76D1193C1}.Debug|Any CPU.Build.0 = Debug|iPhone
		{C99DC2B5-49E5-4F25-87B9-84D76D1193C1}.Debug|Any CPU.Deploy.0 = Debug|iPhone
		{C99DC2B5-49E5-4F25-87B9-84D76D1193C1}.Debug|iPhone.ActiveCfg = Debug|iPhone
		{C99DC2B5-49E5-4F25-87B9-84D76D1193C1}.Debug|iPhone.Build.0 = Debug|iPhone
		{C99DC2B5-49E5-4F25-87B9-84D76D1193C1}.Debug|iPhone.Deploy.0 = Debug|iPhone
		{C99DC2B5-49E5-4F25-87B9-84D76D1193C1}.Debug|iPhoneSimulator.ActiveCfg = Debug|iPhoneSimulator
		{C99DC2B5-49E5-4F25-87B9-84D76D1193C1}.Debug|iPhoneSimulator.Build.0 = Debug|iPhoneSimulator
		{C99DC2B5-49E5-4F25-87B9-84D76D1193C1}.Debug|iPhoneSimulator.Deploy.0 = Debug|iPhoneSimulator
		{C99DC2B5-49E5-4F25-87B9-84D76D1193C1}.Release|Any CPU.ActiveCfg = Release|iPhoneSimulator
		{C99DC2B5-49E5-4F25-87B9-84D76D1193C1}.Release|Any CPU.Build.0 = Release|iPhoneSimulator
		{C99DC2B5-49E5-4F25-87B9-84D76D1193C1}.Release|Any CPU.Deploy.0 = Release|iPhoneSimulator
		{C99DC2B5-49E5-4F25-87B9-84D76D1193C1}.Release|iPhone.ActiveCfg = Release|iPhone
		{C99DC2B5-49E5-4F25-87B9-84D76D1193C1}.Release|iPhone.Build.0 = Release|iPhone
		{C99DC2B5-49E5-4F25-87B9-84D76D1193C1}.Release|iPhone.Deploy.0 = Release|iPhone
		{C99DC2B5-49E5-4F25-87B9-84D76D1193C1}.Release|iPhoneSimulator.ActiveCfg = Release|iPhoneSimulator
		{C99DC2B5-49E5-4F25-87B9-84D76D1193C1}.Release|iPhoneSimulator.Build.0 = Release|iPhoneSimulator
		{C99DC2B5-49E5-4F25-87B9-84D76D1193C1}.Release|iPhoneSimulator.Deploy.0 = Release|iPhoneSimulator
		{AAABD71E-3CFD-4F29-AB73-9D2BFD1150E3}.Debug|Any CPU.ActiveCfg = Debug|Any CPU
		{AAABD71E-3CFD-4F29-AB73-9D2BFD1150E3}.Debug|Any CPU.Build.0 = Debug|Any CPU
		{AAABD71E-3CFD-4F29-AB73-9D2BFD1150E3}.Debug|Any CPU.Deploy.0 = Debug|Any CPU
		{AAABD71E-3CFD-4F29-AB73-9D2BFD1150E3}.Debug|iPhone.ActiveCfg = Debug|Any CPU
		{AAABD71E-3CFD-4F29-AB73-9D2BFD1150E3}.Debug|iPhone.Build.0 = Debug|Any CPU
		{AAABD71E-3CFD-4F29-AB73-9D2BFD1150E3}.Debug|iPhone.Deploy.0 = Debug|Any CPU
		{AAABD71E-3CFD-4F29-AB73-9D2BFD1150E3}.Debug|iPhoneSimulator.ActiveCfg = Debug|Any CPU
		{AAABD71E-3CFD-4F29-AB73-9D2BFD1150E3}.Debug|iPhoneSimulator.Build.0 = Debug|Any CPU
		{AAABD71E-3CFD-4F29-AB73-9D2BFD1150E3}.Debug|iPhoneSimulator.Deploy.0 = Debug|Any CPU
		{AAABD71E-3CFD-4F29-AB73-9D2BFD1150E3}.Release|Any CPU.ActiveCfg = Release|Any CPU
		{AAABD71E-3CFD-4F29-AB73-9D2BFD1150E3}.Release|Any CPU.Build.0 = Release|Any CPU
		{AAABD71E-3CFD-4F29-AB73-9D2BFD1150E3}.Release|Any CPU.Deploy.0 = Release|Any CPU
		{AAABD71E-3CFD-4F29-AB73-9D2BFD1150E3}.Release|iPhone.ActiveCfg = Release|Any CPU
		{AAABD71E-3CFD-4F29-AB73-9D2BFD1150E3}.Release|iPhone.Build.0 = Release|Any CPU
		{AAABD71E-3CFD-4F29-AB73-9D2BFD1150E3}.Release|iPhone.Deploy.0 = Release|Any CPU
		{AAABD71E-3CFD-4F29-AB73-9D2BFD1150E3}.Release|iPhoneSimulator.ActiveCfg = Release|Any CPU
		{AAABD71E-3CFD-4F29-AB73-9D2BFD1150E3}.Release|iPhoneSimulator.Build.0 = Release|Any CPU
		{AAABD71E-3CFD-4F29-AB73-9D2BFD1150E3}.Release|iPhoneSimulator.Deploy.0 = Release|Any CPU
	EndGlobalSection
	GlobalSection(SolutionProperties) = preSolution
		HideSolutionNode = FALSE
	EndGlobalSection
	GlobalSection(ExtensibilityGlobals) = postSolution
		SolutionGuid = {3DA887DE-B75E-45F8-A1B9-42C6F7CD9CCB}
	EndGlobalSection
EndGlobal
