
Microsoft Visual Studio Solution File, Format Version 12.00
# Visual Studio Version 16
VisualStudioVersion = 16.0.31613.86
MinimumVisualStudioVersion = 10.0.40219.1
Project("{FAE04EC0-301F-11D3-BF4B-00C04F79EFBC}") = "UploadFKFinder", "UploadFKFinder\UploadFKFinder.csproj", "{E9394765-11DC-478D-BBB4-4C908A553447}"
EndProject
Global
	GlobalSection(SolutionConfigurationPlatforms) = preSolution
		Debug|Any CPU = Debug|Any CPU
		Release|Any CPU = Release|Any CPU
	EndGlobalSection
	GlobalSection(ProjectConfigurationPlatforms) = postSolution
		{E9394765-11DC-478D-BBB4-4C908A553447}.Debug|Any CPU.ActiveCfg = Debug|Any CPU
		{E9394765-11DC-478D-BBB4-4C908A553447}.Debug|Any CPU.Build.0 = Debug|Any CPU
		{E9394765-11DC-478D-BBB4-4C908A553447}.Release|Any CPU.ActiveCfg = Release|Any CPU
		{E9394765-11DC-478D-BBB4-4C908A553447}.Release|Any CPU.Build.0 = Release|Any CPU
	EndGlobalSection
	GlobalSection(SolutionProperties) = preSolution
		HideSolutionNode = FALSE
	EndGlobalSection
	GlobalSection(ExtensibilityGlobals) = postSolution
		SolutionGuid = {195945BA-D3A9-45EB-B1D0-4A2C0C537E73}
	EndGlobalSection
EndGlobal
