
Microsoft Visual Studio Solution File, Format Version 12.00
# Visual Studio Version 16
VisualStudioVersion = 16.0.30907.101
MinimumVisualStudioVersion = 10.0.40219.1
Project("{FAE04EC0-301F-11D3-BF4B-00C04F79EFBC}") = "TipoPaginaXamarin.UWP", "TipoPaginaXamarin\TipoPaginaXamarin.UWP\TipoPaginaXamarin.UWP.csproj", "{3F0CB9FB-F884-4B80-8368-568F266D08E0}"
EndProject
Project("{FAE04EC0-301F-11D3-BF4B-00C04F79EFBC}") = "TipoPaginaXamarin.Android", "TipoPaginaXamarin\TipoPaginaXamarin.Android\TipoPaginaXamarin.Android.csproj", "{110A6F16-EA48-49CB-B88D-0DA2B25F4605}"
EndProject
Project("{FAE04EC0-301F-11D3-BF4B-00C04F79EFBC}") = "TipoPaginaXamarin.iOS", "TipoPaginaXamarin\TipoPaginaXamarin.iOS\TipoPaginaXamarin.iOS.csproj", "{A209E46B-EE14-4179-A983-F282DBC5F327}"
EndProject
Project("{FAE04EC0-301F-11D3-BF4B-00C04F79EFBC}") = "TipoPaginaXamarin", "TipoPaginaXamarin\TipoPaginaXamarin\TipoPaginaXamarin.csproj", "{7F30C943-40F5-4C1E-881B-54538D6AC1AC}"
EndProject
Global
	GlobalSection(SolutionConfigurationPlatforms) = preSolution
		Debug|Any CPU = Debug|Any CPU
		Debug|ARM = Debug|ARM
		Debug|iPhone = Debug|iPhone
		Debug|iPhoneSimulator = Debug|iPhoneSimulator
		Debug|x64 = Debug|x64
		Debug|x86 = Debug|x86
		Release|Any CPU = Release|Any CPU
		Release|ARM = Release|ARM
		Release|iPhone = Release|iPhone
		Release|iPhoneSimulator = Release|iPhoneSimulator
		Release|x64 = Release|x64
		Release|x86 = Release|x86
	EndGlobalSection
	GlobalSection(ProjectConfigurationPlatforms) = postSolution
		{3F0CB9FB-F884-4B80-8368-568F266D08E0}.Debug|Any CPU.ActiveCfg = Debug|x86
		{3F0CB9FB-F884-4B80-8368-568F266D08E0}.Debug|Any CPU.Build.0 = Debug|x86
		{3F0CB9FB-F884-4B80-8368-568F266D08E0}.Debug|Any CPU.Deploy.0 = Debug|x86
		{3F0CB9FB-F884-4B80-8368-568F266D08E0}.Debug|ARM.ActiveCfg = Debug|ARM
		{3F0CB9FB-F884-4B80-8368-568F266D08E0}.Debug|ARM.Build.0 = Debug|ARM
		{3F0CB9FB-F884-4B80-8368-568F266D08E0}.Debug|ARM.Deploy.0 = Debug|ARM
		{3F0CB9FB-F884-4B80-8368-568F266D08E0}.Debug|iPhone.ActiveCfg = Debug|x86
		{3F0CB9FB-F884-4B80-8368-568F266D08E0}.Debug|iPhone.Build.0 = Debug|x86
		{3F0CB9FB-F884-4B80-8368-568F266D08E0}.Debug|iPhone.Deploy.0 = Debug|x86
		{3F0CB9FB-F884-4B80-8368-568F266D08E0}.Debug|iPhoneSimulator.ActiveCfg = Debug|x86
		{3F0CB9FB-F884-4B80-8368-568F266D08E0}.Debug|iPhoneSimulator.Build.0 = Debug|x86
		{3F0CB9FB-F884-4B80-8368-568F266D08E0}.Debug|iPhoneSimulator.Deploy.0 = Debug|x86
		{3F0CB9FB-F884-4B80-8368-568F266D08E0}.Debug|x64.ActiveCfg = Debug|x64
		{3F0CB9FB-F884-4B80-8368-568F266D08E0}.Debug|x64.Build.0 = Debug|x64
		{3F0CB9FB-F884-4B80-8368-568F266D08E0}.Debug|x64.Deploy.0 = Debug|x64
		{3F0CB9FB-F884-4B80-8368-568F266D08E0}.Debug|x86.ActiveCfg = Debug|x86
		{3F0CB9FB-F884-4B80-8368-568F266D08E0}.Debug|x86.Build.0 = Debug|x86
		{3F0CB9FB-F884-4B80-8368-568F266D08E0}.Debug|x86.Deploy.0 = Debug|x86
		{3F0CB9FB-F884-4B80-8368-568F266D08E0}.Release|Any CPU.ActiveCfg = Release|x86
		{3F0CB9FB-F884-4B80-8368-568F266D08E0}.Release|Any CPU.Build.0 = Release|x86
		{3F0CB9FB-F884-4B80-8368-568F266D08E0}.Release|Any CPU.Deploy.0 = Release|x86
		{3F0CB9FB-F884-4B80-8368-568F266D08E0}.Release|ARM.ActiveCfg = Release|ARM
		{3F0CB9FB-F884-4B80-8368-568F266D08E0}.Release|ARM.Build.0 = Release|ARM
		{3F0CB9FB-F884-4B80-8368-568F266D08E0}.Release|ARM.Deploy.0 = Release|ARM
		{3F0CB9FB-F884-4B80-8368-568F266D08E0}.Release|iPhone.ActiveCfg = Release|x86
		{3F0CB9FB-F884-4B80-8368-568F266D08E0}.Release|iPhone.Build.0 = Release|x86
		{3F0CB9FB-F884-4B80-8368-568F266D08E0}.Release|iPhone.Deploy.0 = Release|x86
		{3F0CB9FB-F884-4B80-8368-568F266D08E0}.Release|iPhoneSimulator.ActiveCfg = Release|x86
		{3F0CB9FB-F884-4B80-8368-568F266D08E0}.Release|iPhoneSimulator.Build.0 = Release|x86
		{3F0CB9FB-F884-4B80-8368-568F266D08E0}.Release|iPhoneSimulator.Deploy.0 = Release|x86
		{3F0CB9FB-F884-4B80-8368-568F266D08E0}.Release|x64.ActiveCfg = Release|x64
		{3F0CB9FB-F884-4B80-8368-568F266D08E0}.Release|x64.Build.0 = Release|x64
		{3F0CB9FB-F884-4B80-8368-568F266D08E0}.Release|x64.Deploy.0 = Release|x64
		{3F0CB9FB-F884-4B80-8368-568F266D08E0}.Release|x86.ActiveCfg = Release|x86
		{3F0CB9FB-F884-4B80-8368-568F266D08E0}.Release|x86.Build.0 = Release|x86
		{3F0CB9FB-F884-4B80-8368-568F266D08E0}.Release|x86.Deploy.0 = Release|x86
		{110A6F16-EA48-49CB-B88D-0DA2B25F4605}.Debug|Any CPU.ActiveCfg = Debug|Any CPU
		{110A6F16-EA48-49CB-B88D-0DA2B25F4605}.Debug|Any CPU.Build.0 = Debug|Any CPU
		{110A6F16-EA48-49CB-B88D-0DA2B25F4605}.Debug|Any CPU.Deploy.0 = Debug|Any CPU
		{110A6F16-EA48-49CB-B88D-0DA2B25F4605}.Debug|ARM.ActiveCfg = Debug|Any CPU
		{110A6F16-EA48-49CB-B88D-0DA2B25F4605}.Debug|ARM.Build.0 = Debug|Any CPU
		{110A6F16-EA48-49CB-B88D-0DA2B25F4605}.Debug|ARM.Deploy.0 = Debug|Any CPU
		{110A6F16-EA48-49CB-B88D-0DA2B25F4605}.Debug|iPhone.ActiveCfg = Debug|Any CPU
		{110A6F16-EA48-49CB-B88D-0DA2B25F4605}.Debug|iPhone.Build.0 = Debug|Any CPU
		{110A6F16-EA48-49CB-B88D-0DA2B25F4605}.Debug|iPhone.Deploy.0 = Debug|Any CPU
		{110A6F16-EA48-49CB-B88D-0DA2B25F4605}.Debug|iPhoneSimulator.ActiveCfg = Debug|Any CPU
		{110A6F16-EA48-49CB-B88D-0DA2B25F4605}.Debug|iPhoneSimulator.Build.0 = Debug|Any CPU
		{110A6F16-EA48-49CB-B88D-0DA2B25F4605}.Debug|iPhoneSimulator.Deploy.0 = Debug|Any CPU
		{110A6F16-EA48-49CB-B88D-0DA2B25F4605}.Debug|x64.ActiveCfg = Debug|Any CPU
		{110A6F16-EA48-49CB-B88D-0DA2B25F4605}.Debug|x64.Build.0 = Debug|Any CPU
		{110A6F16-EA48-49CB-B88D-0DA2B25F4605}.Debug|x64.Deploy.0 = Debug|Any CPU
		{110A6F16-EA48-49CB-B88D-0DA2B25F4605}.Debug|x86.ActiveCfg = Debug|Any CPU
		{110A6F16-EA48-49CB-B88D-0DA2B25F4605}.Debug|x86.Build.0 = Debug|Any CPU
		{110A6F16-EA48-49CB-B88D-0DA2B25F4605}.Debug|x86.Deploy.0 = Debug|Any CPU
		{110A6F16-EA48-49CB-B88D-0DA2B25F4605}.Release|Any CPU.ActiveCfg = Release|Any CPU
		{110A6F16-EA48-49CB-B88D-0DA2B25F4605}.Release|Any CPU.Build.0 = Release|Any CPU
		{110A6F16-EA48-49CB-B88D-0DA2B25F4605}.Release|Any CPU.Deploy.0 = Release|Any CPU
		{110A6F16-EA48-49CB-B88D-0DA2B25F4605}.Release|ARM.ActiveCfg = Release|Any CPU
		{110A6F16-EA48-49CB-B88D-0DA2B25F4605}.Release|ARM.Build.0 = Release|Any CPU
		{110A6F16-EA48-49CB-B88D-0DA2B25F4605}.Release|ARM.Deploy.0 = Release|Any CPU
		{110A6F16-EA48-49CB-B88D-0DA2B25F4605}.Release|iPhone.ActiveCfg = Release|Any CPU
		{110A6F16-EA48-49CB-B88D-0DA2B25F4605}.Release|iPhone.Build.0 = Release|Any CPU
		{110A6F16-EA48-49CB-B88D-0DA2B25F4605}.Release|iPhone.Deploy.0 = Release|Any CPU
		{110A6F16-EA48-49CB-B88D-0DA2B25F4605}.Release|iPhoneSimulator.ActiveCfg = Release|Any CPU
		{110A6F16-EA48-49CB-B88D-0DA2B25F4605}.Release|iPhoneSimulator.Build.0 = Release|Any CPU
		{110A6F16-EA48-49CB-B88D-0DA2B25F4605}.Release|iPhoneSimulator.Deploy.0 = Release|Any CPU
		{110A6F16-EA48-49CB-B88D-0DA2B25F4605}.Release|x64.ActiveCfg = Release|Any CPU
		{110A6F16-EA48-49CB-B88D-0DA2B25F4605}.Release|x64.Build.0 = Release|Any CPU
		{110A6F16-EA48-49CB-B88D-0DA2B25F4605}.Release|x64.Deploy.0 = Release|Any CPU
		{110A6F16-EA48-49CB-B88D-0DA2B25F4605}.Release|x86.ActiveCfg = Release|Any CPU
		{110A6F16-EA48-49CB-B88D-0DA2B25F4605}.Release|x86.Build.0 = Release|Any CPU
		{110A6F16-EA48-49CB-B88D-0DA2B25F4605}.Release|x86.Deploy.0 = Release|Any CPU
		{A209E46B-EE14-4179-A983-F282DBC5F327}.Debug|Any CPU.ActiveCfg = Debug|iPhoneSimulator
		{A209E46B-EE14-4179-A983-F282DBC5F327}.Debug|Any CPU.Build.0 = Debug|iPhoneSimulator
		{A209E46B-EE14-4179-A983-F282DBC5F327}.Debug|Any CPU.Deploy.0 = Debug|iPhoneSimulator
		{A209E46B-EE14-4179-A983-F282DBC5F327}.Debug|ARM.ActiveCfg = Debug|iPhone
		{A209E46B-EE14-4179-A983-F282DBC5F327}.Debug|ARM.Build.0 = Debug|iPhone
		{A209E46B-EE14-4179-A983-F282DBC5F327}.Debug|ARM.Deploy.0 = Debug|iPhone
		{A209E46B-EE14-4179-A983-F282DBC5F327}.Debug|iPhone.ActiveCfg = Debug|iPhone
		{A209E46B-EE14-4179-A983-F282DBC5F327}.Debug|iPhone.Build.0 = Debug|iPhone
		{A209E46B-EE14-4179-A983-F282DBC5F327}.Debug|iPhone.Deploy.0 = Debug|iPhone
		{A209E46B-EE14-4179-A983-F282DBC5F327}.Debug|iPhoneSimulator.ActiveCfg = Debug|iPhoneSimulator
		{A209E46B-EE14-4179-A983-F282DBC5F327}.Debug|iPhoneSimulator.Build.0 = Debug|iPhoneSimulator
		{A209E46B-EE14-4179-A983-F282DBC5F327}.Debug|iPhoneSimulator.Deploy.0 = Debug|iPhoneSimulator
		{A209E46B-EE14-4179-A983-F282DBC5F327}.Debug|x64.ActiveCfg = Debug|iPhoneSimulator
		{A209E46B-EE14-4179-A983-F282DBC5F327}.Debug|x64.Build.0 = Debug|iPhoneSimulator
		{A209E46B-EE14-4179-A983-F282DBC5F327}.Debug|x64.Deploy.0 = Debug|iPhoneSimulator
		{A209E46B-EE14-4179-A983-F282DBC5F327}.Debug|x86.ActiveCfg = Debug|iPhoneSimulator
		{A209E46B-EE14-4179-A983-F282DBC5F327}.Debug|x86.Build.0 = Debug|iPhoneSimulator
		{A209E46B-EE14-4179-A983-F282DBC5F327}.Debug|x86.Deploy.0 = Debug|iPhoneSimulator
		{A209E46B-EE14-4179-A983-F282DBC5F327}.Release|Any CPU.ActiveCfg = Release|iPhoneSimulator
		{A209E46B-EE14-4179-A983-F282DBC5F327}.Release|Any CPU.Build.0 = Release|iPhoneSimulator
		{A209E46B-EE14-4179-A983-F282DBC5F327}.Release|Any CPU.Deploy.0 = Release|iPhoneSimulator
		{A209E46B-EE14-4179-A983-F282DBC5F327}.Release|ARM.ActiveCfg = Release|iPhoneSimulator
		{A209E46B-EE14-4179-A983-F282DBC5F327}.Release|ARM.Build.0 = Release|iPhoneSimulator
		{A209E46B-EE14-4179-A983-F282DBC5F327}.Release|ARM.Deploy.0 = Release|iPhoneSimulator
		{A209E46B-EE14-4179-A983-F282DBC5F327}.Release|iPhone.ActiveCfg = Release|iPhone
		{A209E46B-EE14-4179-A983-F282DBC5F327}.Release|iPhone.Build.0 = Release|iPhone
		{A209E46B-EE14-4179-A983-F282DBC5F327}.Release|iPhone.Deploy.0 = Release|iPhone
		{A209E46B-EE14-4179-A983-F282DBC5F327}.Release|iPhoneSimulator.ActiveCfg = Release|iPhoneSimulator
		{A209E46B-EE14-4179-A983-F282DBC5F327}.Release|iPhoneSimulator.Build.0 = Release|iPhoneSimulator
		{A209E46B-EE14-4179-A983-F282DBC5F327}.Release|iPhoneSimulator.Deploy.0 = Release|iPhoneSimulator
		{A209E46B-EE14-4179-A983-F282DBC5F327}.Release|x64.ActiveCfg = Release|iPhoneSimulator
		{A209E46B-EE14-4179-A983-F282DBC5F327}.Release|x64.Build.0 = Release|iPhoneSimulator
		{A209E46B-EE14-4179-A983-F282DBC5F327}.Release|x64.Deploy.0 = Release|iPhoneSimulator
		{A209E46B-EE14-4179-A983-F282DBC5F327}.Release|x86.ActiveCfg = Release|iPhoneSimulator
		{A209E46B-EE14-4179-A983-F282DBC5F327}.Release|x86.Build.0 = Release|iPhoneSimulator
		{A209E46B-EE14-4179-A983-F282DBC5F327}.Release|x86.Deploy.0 = Release|iPhoneSimulator
		{7F30C943-40F5-4C1E-881B-54538D6AC1AC}.Debug|Any CPU.ActiveCfg = Debug|Any CPU
		{7F30C943-40F5-4C1E-881B-54538D6AC1AC}.Debug|Any CPU.Build.0 = Debug|Any CPU
		{7F30C943-40F5-4C1E-881B-54538D6AC1AC}.Debug|Any CPU.Deploy.0 = Debug|Any CPU
		{7F30C943-40F5-4C1E-881B-54538D6AC1AC}.Debug|ARM.ActiveCfg = Debug|Any CPU
		{7F30C943-40F5-4C1E-881B-54538D6AC1AC}.Debug|ARM.Build.0 = Debug|Any CPU
		{7F30C943-40F5-4C1E-881B-54538D6AC1AC}.Debug|ARM.Deploy.0 = Debug|Any CPU
		{7F30C943-40F5-4C1E-881B-54538D6AC1AC}.Debug|iPhone.ActiveCfg = Debug|Any CPU
		{7F30C943-40F5-4C1E-881B-54538D6AC1AC}.Debug|iPhone.Build.0 = Debug|Any CPU
		{7F30C943-40F5-4C1E-881B-54538D6AC1AC}.Debug|iPhone.Deploy.0 = Debug|Any CPU
		{7F30C943-40F5-4C1E-881B-54538D6AC1AC}.Debug|iPhoneSimulator.ActiveCfg = Debug|Any CPU
		{7F30C943-40F5-4C1E-881B-54538D6AC1AC}.Debug|iPhoneSimulator.Build.0 = Debug|Any CPU
		{7F30C943-40F5-4C1E-881B-54538D6AC1AC}.Debug|iPhoneSimulator.Deploy.0 = Debug|Any CPU
		{7F30C943-40F5-4C1E-881B-54538D6AC1AC}.Debug|x64.ActiveCfg = Debug|Any CPU
		{7F30C943-40F5-4C1E-881B-54538D6AC1AC}.Debug|x64.Build.0 = Debug|Any CPU
		{7F30C943-40F5-4C1E-881B-54538D6AC1AC}.Debug|x64.Deploy.0 = Debug|Any CPU
		{7F30C943-40F5-4C1E-881B-54538D6AC1AC}.Debug|x86.ActiveCfg = Debug|Any CPU
		{7F30C943-40F5-4C1E-881B-54538D6AC1AC}.Debug|x86.Build.0 = Debug|Any CPU
		{7F30C943-40F5-4C1E-881B-54538D6AC1AC}.Debug|x86.Deploy.0 = Debug|Any CPU
		{7F30C943-40F5-4C1E-881B-54538D6AC1AC}.Release|Any CPU.ActiveCfg = Release|Any CPU
		{7F30C943-40F5-4C1E-881B-54538D6AC1AC}.Release|Any CPU.Build.0 = Release|Any CPU
		{7F30C943-40F5-4C1E-881B-54538D6AC1AC}.Release|Any CPU.Deploy.0 = Release|Any CPU
		{7F30C943-40F5-4C1E-881B-54538D6AC1AC}.Release|ARM.ActiveCfg = Release|Any CPU
		{7F30C943-40F5-4C1E-881B-54538D6AC1AC}.Release|ARM.Build.0 = Release|Any CPU
		{7F30C943-40F5-4C1E-881B-54538D6AC1AC}.Release|ARM.Deploy.0 = Release|Any CPU
		{7F30C943-40F5-4C1E-881B-54538D6AC1AC}.Release|iPhone.ActiveCfg = Release|Any CPU
		{7F30C943-40F5-4C1E-881B-54538D6AC1AC}.Release|iPhone.Build.0 = Release|Any CPU
		{7F30C943-40F5-4C1E-881B-54538D6AC1AC}.Release|iPhone.Deploy.0 = Release|Any CPU
		{7F30C943-40F5-4C1E-881B-54538D6AC1AC}.Release|iPhoneSimulator.ActiveCfg = Release|Any CPU
		{7F30C943-40F5-4C1E-881B-54538D6AC1AC}.Release|iPhoneSimulator.Build.0 = Release|Any CPU
		{7F30C943-40F5-4C1E-881B-54538D6AC1AC}.Release|iPhoneSimulator.Deploy.0 = Release|Any CPU
		{7F30C943-40F5-4C1E-881B-54538D6AC1AC}.Release|x64.ActiveCfg = Release|Any CPU
		{7F30C943-40F5-4C1E-881B-54538D6AC1AC}.Release|x64.Build.0 = Release|Any CPU
		{7F30C943-40F5-4C1E-881B-54538D6AC1AC}.Release|x64.Deploy.0 = Release|Any CPU
		{7F30C943-40F5-4C1E-881B-54538D6AC1AC}.Release|x86.ActiveCfg = Release|Any CPU
		{7F30C943-40F5-4C1E-881B-54538D6AC1AC}.Release|x86.Build.0 = Release|Any CPU
		{7F30C943-40F5-4C1E-881B-54538D6AC1AC}.Release|x86.Deploy.0 = Release|Any CPU
	EndGlobalSection
	GlobalSection(SolutionProperties) = preSolution
		HideSolutionNode = FALSE
	EndGlobalSection
	GlobalSection(ExtensibilityGlobals) = postSolution
		SolutionGuid = {DB1E3005-388D-4CAD-87C9-860E979EBB48}
	EndGlobalSection
EndGlobal
